// !$*UTF8*$!
{
	archiveVersion = 1;
	classes = {
	};
	objectVersion = 56;
	objects = {

/* Begin PBXBuildFile section */
		045833892C74AF14000D6E81 /* PostQuery.swift in Sources */ = {isa = PBXBuildFile; fileRef = 045833882C74AF14000D6E81 /* PostQuery.swift */; };
		0458338B2C74AFE4000D6E81 /* PostCollectionViewCell.swift in Sources */ = {isa = PBXBuildFile; fileRef = 0458338A2C74AFE4000D6E81 /* PostCollectionViewCell.swift */; };
		0458338D2C74B00A000D6E81 /* UICollectionViewLayout+Extension.swift in Sources */ = {isa = PBXBuildFile; fileRef = 0458338C2C74B00A000D6E81 /* UICollectionViewLayout+Extension.swift */; };
		045833912C74C145000D6E81 /* RxGesture in Frameworks */ = {isa = PBXBuildFile; productRef = 045833902C74C145000D6E81 /* RxGesture */; };
		045833B12C75A192000D6E81 /* RefreshModel.swift in Sources */ = {isa = PBXBuildFile; fileRef = 045833B02C75A192000D6E81 /* RefreshModel.swift */; };
		045833B62C75C0E7000D6E81 /* UIViewController+Extension.swift in Sources */ = {isa = PBXBuildFile; fileRef = 045833B52C75C0E7000D6E81 /* UIViewController+Extension.swift */; };
		045833B92C75E536000D6E81 /* WriteMusictoryViewController.swift in Sources */ = {isa = PBXBuildFile; fileRef = 045833B82C75E536000D6E81 /* WriteMusictoryViewController.swift */; };
		045833BB2C7620F6000D6E81 /* DateFormatter+Extension.swift in Sources */ = {isa = PBXBuildFile; fileRef = 045833BA2C7620F6000D6E81 /* DateFormatter+Extension.swift */; };
		045833BD2C762F1A000D6E81 /* CustomButton.swift in Sources */ = {isa = PBXBuildFile; fileRef = 045833BC2C762F1A000D6E81 /* CustomButton.swift */; };
		045833C12C763CC9000D6E81 /* AddSongViewController.swift in Sources */ = {isa = PBXBuildFile; fileRef = 045833C02C763CC9000D6E81 /* AddSongViewController.swift */; };
		045833C32C763EB2000D6E81 /* SearchSongCollectionViewCell.swift in Sources */ = {isa = PBXBuildFile; fileRef = 045833C22C763EB2000D6E81 /* SearchSongCollectionViewCell.swift */; };
		045833CC2C77264B000D6E81 /* AddSongViewModel.swift in Sources */ = {isa = PBXBuildFile; fileRef = 045833CB2C77264B000D6E81 /* AddSongViewModel.swift */; };
		045833CE2C772A71000D6E81 /* CustomSongView.swift in Sources */ = {isa = PBXBuildFile; fileRef = 045833CD2C772A71000D6E81 /* CustomSongView.swift */; };
		045833D22C773B57000D6E81 /* AddPhotoViewController.swift in Sources */ = {isa = PBXBuildFile; fileRef = 045833D12C773B57000D6E81 /* AddPhotoViewController.swift */; };
		048DFDD72C6F9BC5000F5293 /* LogInViewController.swift in Sources */ = {isa = PBXBuildFile; fileRef = 048DFDD62C6F9BC5000F5293 /* LogInViewController.swift */; };
		048DFDDA2C6F9C92000F5293 /* RxCocoa in Frameworks */ = {isa = PBXBuildFile; productRef = 048DFDD92C6F9C92000F5293 /* RxCocoa */; };
		048DFDDC2C6F9C92000F5293 /* RxSwift in Frameworks */ = {isa = PBXBuildFile; productRef = 048DFDDB2C6F9C92000F5293 /* RxSwift */; };
		048DFDE02C70F012000F5293 /* LoginViewModel.swift in Sources */ = {isa = PBXBuildFile; fileRef = 048DFDDF2C70F012000F5293 /* LoginViewModel.swift */; };
		048DFDE42C70F04F000F5293 /* BaseViewModel.swift in Sources */ = {isa = PBXBuildFile; fileRef = 048DFDE32C70F04F000F5293 /* BaseViewModel.swift */; };
		048DFDE72C71D1F7000F5293 /* LSLPAPI.swift in Sources */ = {isa = PBXBuildFile; fileRef = 048DFDE62C71D1F7000F5293 /* LSLPAPI.swift */; };
		048DFDE92C71E1FA000F5293 /* LSLPRouter.swift in Sources */ = {isa = PBXBuildFile; fileRef = 048DFDE82C71E1FA000F5293 /* LSLPRouter.swift */; };
		048DFDEC2C722A9E000F5293 /* LoginModel.swift in Sources */ = {isa = PBXBuildFile; fileRef = 048DFDEB2C722A9E000F5293 /* LoginModel.swift */; };
		048DFDEF2C722AE3000F5293 /* LoginQuery.swift in Sources */ = {isa = PBXBuildFile; fileRef = 048DFDEE2C722AE3000F5293 /* LoginQuery.swift */; };
		048DFDFB2C7363FE000F5293 /* PostModel.swift in Sources */ = {isa = PBXBuildFile; fileRef = 048DFDFA2C7363FE000F5293 /* PostModel.swift */; };
		048DFDFD2C736411000F5293 /* UserModel.swift in Sources */ = {isa = PBXBuildFile; fileRef = 048DFDFC2C736411000F5293 /* UserModel.swift */; };
		048DFDFF2C736423000F5293 /* CommentModel.swift in Sources */ = {isa = PBXBuildFile; fileRef = 048DFDFE2C736423000F5293 /* CommentModel.swift */; };
		048DFE032C736670000F5293 /* MusictoryHomeViewModel.swift in Sources */ = {isa = PBXBuildFile; fileRef = 048DFE022C736670000F5293 /* MusictoryHomeViewModel.swift */; };
		048DFE052C738525000F5293 /* UserDefaultsManager.swift in Sources */ = {isa = PBXBuildFile; fileRef = 048DFE042C738525000F5293 /* UserDefaultsManager.swift */; };
		048DFE072C738BC5000F5293 /* RequsetPostModel.swift in Sources */ = {isa = PBXBuildFile; fileRef = 048DFE062C738BC5000F5293 /* RequsetPostModel.swift */; };
		048DFE092C738E33000F5293 /* MusictoryHomeViewController.swift in Sources */ = {isa = PBXBuildFile; fileRef = 048DFE082C738E33000F5293 /* MusictoryHomeViewController.swift */; };
		04E4304B2C6CF68E007FA9C6 /* AppDelegate.swift in Sources */ = {isa = PBXBuildFile; fileRef = 04E4304A2C6CF68E007FA9C6 /* AppDelegate.swift */; };
		04E4304D2C6CF68E007FA9C6 /* SceneDelegate.swift in Sources */ = {isa = PBXBuildFile; fileRef = 04E4304C2C6CF68E007FA9C6 /* SceneDelegate.swift */; };
		04E430542C6CF68F007FA9C6 /* Assets.xcassets in Resources */ = {isa = PBXBuildFile; fileRef = 04E430532C6CF68F007FA9C6 /* Assets.xcassets */; };
		04E430572C6CF68F007FA9C6 /* Base in Resources */ = {isa = PBXBuildFile; fileRef = 04E430562C6CF68F007FA9C6 /* Base */; };
		04E4305F2C6CF8B9007FA9C6 /* .gitignore in Resources */ = {isa = PBXBuildFile; fileRef = 04E4305E2C6CF8B9007FA9C6 /* .gitignore */; };
		04E430632C6DCA4C007FA9C6 /* APIKey.swift in Sources */ = {isa = PBXBuildFile; fileRef = 04E430622C6DCA4C007FA9C6 /* APIKey.swift */; };
		04E430662C6E18EC007FA9C6 /* SnapKit in Frameworks */ = {isa = PBXBuildFile; productRef = 04E430652C6E18EC007FA9C6 /* SnapKit */; };
		04E4306A2C6E1903007FA9C6 /* Kingfisher in Frameworks */ = {isa = PBXBuildFile; productRef = 04E430692C6E1903007FA9C6 /* Kingfisher */; };
		04E4306D2C6E1912007FA9C6 /* Toast in Frameworks */ = {isa = PBXBuildFile; productRef = 04E4306C2C6E1912007FA9C6 /* Toast */; };
		04E430702C6E1A2A007FA9C6 /* IQKeyboardManagerSwift in Frameworks */ = {isa = PBXBuildFile; productRef = 04E4306F2C6E1A2A007FA9C6 /* IQKeyboardManagerSwift */; };
		04E430732C6E2142007FA9C6 /* MusadoraKit in Frameworks */ = {isa = PBXBuildFile; productRef = 04E430722C6E2142007FA9C6 /* MusadoraKit */; };
/* End PBXBuildFile section */

/* Begin PBXFileReference section */
		045833882C74AF14000D6E81 /* PostQuery.swift */ = {isa = PBXFileReference; lastKnownFileType = sourcecode.swift; path = PostQuery.swift; sourceTree = "<group>"; };
		0458338A2C74AFE4000D6E81 /* PostCollectionViewCell.swift */ = {isa = PBXFileReference; lastKnownFileType = sourcecode.swift; path = PostCollectionViewCell.swift; sourceTree = "<group>"; };
		0458338C2C74B00A000D6E81 /* UICollectionViewLayout+Extension.swift */ = {isa = PBXFileReference; fileEncoding = 4; lastKnownFileType = sourcecode.swift; path = "UICollectionViewLayout+Extension.swift"; sourceTree = "<group>"; };
		045833B02C75A192000D6E81 /* RefreshModel.swift */ = {isa = PBXFileReference; lastKnownFileType = sourcecode.swift; path = RefreshModel.swift; sourceTree = "<group>"; };
		045833B52C75C0E7000D6E81 /* UIViewController+Extension.swift */ = {isa = PBXFileReference; lastKnownFileType = sourcecode.swift; path = "UIViewController+Extension.swift"; sourceTree = "<group>"; };
		045833B82C75E536000D6E81 /* WriteMusictoryViewController.swift */ = {isa = PBXFileReference; lastKnownFileType = sourcecode.swift; path = WriteMusictoryViewController.swift; sourceTree = "<group>"; };
		045833BA2C7620F6000D6E81 /* DateFormatter+Extension.swift */ = {isa = PBXFileReference; lastKnownFileType = sourcecode.swift; path = "DateFormatter+Extension.swift"; sourceTree = "<group>"; };
		045833BC2C762F1A000D6E81 /* CustomButton.swift */ = {isa = PBXFileReference; lastKnownFileType = sourcecode.swift; path = CustomButton.swift; sourceTree = "<group>"; };
		045833C02C763CC9000D6E81 /* AddSongViewController.swift */ = {isa = PBXFileReference; lastKnownFileType = sourcecode.swift; path = AddSongViewController.swift; sourceTree = "<group>"; };
		045833C22C763EB2000D6E81 /* SearchSongCollectionViewCell.swift */ = {isa = PBXFileReference; lastKnownFileType = sourcecode.swift; path = SearchSongCollectionViewCell.swift; sourceTree = "<group>"; };
		045833CB2C77264B000D6E81 /* AddSongViewModel.swift */ = {isa = PBXFileReference; lastKnownFileType = sourcecode.swift; path = AddSongViewModel.swift; sourceTree = "<group>"; };
		045833CD2C772A71000D6E81 /* CustomSongView.swift */ = {isa = PBXFileReference; lastKnownFileType = sourcecode.swift; path = CustomSongView.swift; sourceTree = "<group>"; };
		045833D12C773B57000D6E81 /* AddPhotoViewController.swift */ = {isa = PBXFileReference; lastKnownFileType = sourcecode.swift; path = AddPhotoViewController.swift; sourceTree = "<group>"; };
		048DFDD62C6F9BC5000F5293 /* LogInViewController.swift */ = {isa = PBXFileReference; lastKnownFileType = sourcecode.swift; path = LogInViewController.swift; sourceTree = "<group>"; };
		048DFDDF2C70F012000F5293 /* LoginViewModel.swift */ = {isa = PBXFileReference; lastKnownFileType = sourcecode.swift; path = LoginViewModel.swift; sourceTree = "<group>"; };
		048DFDE32C70F04F000F5293 /* BaseViewModel.swift */ = {isa = PBXFileReference; lastKnownFileType = sourcecode.swift; path = BaseViewModel.swift; sourceTree = "<group>"; };
		048DFDE62C71D1F7000F5293 /* LSLPAPI.swift */ = {isa = PBXFileReference; lastKnownFileType = sourcecode.swift; path = LSLPAPI.swift; sourceTree = "<group>"; };
		048DFDE82C71E1FA000F5293 /* LSLPRouter.swift */ = {isa = PBXFileReference; lastKnownFileType = sourcecode.swift; path = LSLPRouter.swift; sourceTree = "<group>"; };
		048DFDEB2C722A9E000F5293 /* LoginModel.swift */ = {isa = PBXFileReference; lastKnownFileType = sourcecode.swift; path = LoginModel.swift; sourceTree = "<group>"; };
		048DFDEE2C722AE3000F5293 /* LoginQuery.swift */ = {isa = PBXFileReference; lastKnownFileType = sourcecode.swift; path = LoginQuery.swift; sourceTree = "<group>"; };
		048DFDFA2C7363FE000F5293 /* PostModel.swift */ = {isa = PBXFileReference; lastKnownFileType = sourcecode.swift; path = PostModel.swift; sourceTree = "<group>"; };
		048DFDFC2C736411000F5293 /* UserModel.swift */ = {isa = PBXFileReference; lastKnownFileType = sourcecode.swift; path = UserModel.swift; sourceTree = "<group>"; };
		048DFDFE2C736423000F5293 /* CommentModel.swift */ = {isa = PBXFileReference; lastKnownFileType = sourcecode.swift; path = CommentModel.swift; sourceTree = "<group>"; };
		048DFE022C736670000F5293 /* MusictoryHomeViewModel.swift */ = {isa = PBXFileReference; lastKnownFileType = sourcecode.swift; path = MusictoryHomeViewModel.swift; sourceTree = "<group>"; };
		048DFE042C738525000F5293 /* UserDefaultsManager.swift */ = {isa = PBXFileReference; lastKnownFileType = sourcecode.swift; path = UserDefaultsManager.swift; sourceTree = "<group>"; };
		048DFE062C738BC5000F5293 /* RequsetPostModel.swift */ = {isa = PBXFileReference; lastKnownFileType = sourcecode.swift; path = RequsetPostModel.swift; sourceTree = "<group>"; };
		048DFE082C738E33000F5293 /* MusictoryHomeViewController.swift */ = {isa = PBXFileReference; lastKnownFileType = sourcecode.swift; path = MusictoryHomeViewController.swift; sourceTree = "<group>"; };
		04E430472C6CF68E007FA9C6 /* Musictory.app */ = {isa = PBXFileReference; explicitFileType = wrapper.application; includeInIndex = 0; path = Musictory.app; sourceTree = BUILT_PRODUCTS_DIR; };
		04E4304A2C6CF68E007FA9C6 /* AppDelegate.swift */ = {isa = PBXFileReference; lastKnownFileType = sourcecode.swift; path = AppDelegate.swift; sourceTree = "<group>"; };
		04E4304C2C6CF68E007FA9C6 /* SceneDelegate.swift */ = {isa = PBXFileReference; lastKnownFileType = sourcecode.swift; path = SceneDelegate.swift; sourceTree = "<group>"; };
		04E430532C6CF68F007FA9C6 /* Assets.xcassets */ = {isa = PBXFileReference; lastKnownFileType = folder.assetcatalog; path = Assets.xcassets; sourceTree = "<group>"; };
		04E430562C6CF68F007FA9C6 /* Base */ = {isa = PBXFileReference; lastKnownFileType = file.storyboard; name = Base; path = Base.lproj/LaunchScreen.storyboard; sourceTree = "<group>"; };
		04E430582C6CF68F007FA9C6 /* Info.plist */ = {isa = PBXFileReference; lastKnownFileType = text.plist.xml; path = Info.plist; sourceTree = "<group>"; };
		04E4305E2C6CF8B9007FA9C6 /* .gitignore */ = {isa = PBXFileReference; lastKnownFileType = text; path = .gitignore; sourceTree = "<group>"; };
		04E430622C6DCA4C007FA9C6 /* APIKey.swift */ = {isa = PBXFileReference; lastKnownFileType = sourcecode.swift; path = APIKey.swift; sourceTree = "<group>"; };
/* End PBXFileReference section */

/* Begin PBXFrameworksBuildPhase section */
		04E430442C6CF68E007FA9C6 /* Frameworks */ = {
			isa = PBXFrameworksBuildPhase;
			buildActionMask = 2147483647;
			files = (
				048DFDDA2C6F9C92000F5293 /* RxCocoa in Frameworks */,
				04E430732C6E2142007FA9C6 /* MusadoraKit in Frameworks */,
				045833912C74C145000D6E81 /* RxGesture in Frameworks */,
				04E4306D2C6E1912007FA9C6 /* Toast in Frameworks */,
				04E430702C6E1A2A007FA9C6 /* IQKeyboardManagerSwift in Frameworks */,
				04E4306A2C6E1903007FA9C6 /* Kingfisher in Frameworks */,
				04E430662C6E18EC007FA9C6 /* SnapKit in Frameworks */,
				048DFDDC2C6F9C92000F5293 /* RxSwift in Frameworks */,
			);
			runOnlyForDeploymentPostprocessing = 0;
		};
/* End PBXFrameworksBuildPhase section */

/* Begin PBXGroup section */
		0458338E2C74B016000D6E81 /* Cell */ = {
			isa = PBXGroup;
			children = (
				0458338A2C74AFE4000D6E81 /* PostCollectionViewCell.swift */,
				045833C22C763EB2000D6E81 /* SearchSongCollectionViewCell.swift */,
			);
			path = Cell;
			sourceTree = "<group>";
		};
		045833B42C75C0C0000D6E81 /* Extension */ = {
			isa = PBXGroup;
			children = (
				045833B52C75C0E7000D6E81 /* UIViewController+Extension.swift */,
				0458338C2C74B00A000D6E81 /* UICollectionViewLayout+Extension.swift */,
				045833BA2C7620F6000D6E81 /* DateFormatter+Extension.swift */,
			);
			path = Extension;
			sourceTree = "<group>";
		};
		045833B72C75D042000D6E81 /* Model */ = {
			isa = PBXGroup;
			children = (
				048DFDED2C722ACC000F5293 /* QueryModel */,
				048DFDEA2C722A92000F5293 /* ResponseModel */,
			);
			path = Model;
			sourceTree = "<group>";
		};
		048DFDDD2C70E773000F5293 /* View */ = {
			isa = PBXGroup;
			children = (
				048DFDD62C6F9BC5000F5293 /* LogInViewController.swift */,
				048DFE082C738E33000F5293 /* MusictoryHomeViewController.swift */,
				045833B82C75E536000D6E81 /* WriteMusictoryViewController.swift */,
				045833C02C763CC9000D6E81 /* AddSongViewController.swift */,
				045833D12C773B57000D6E81 /* AddPhotoViewController.swift */,
				0458338E2C74B016000D6E81 /* Cell */,
			);
			path = View;
			sourceTree = "<group>";
		};
		048DFDDE2C70F008000F5293 /* ViewModel */ = {
			isa = PBXGroup;
			children = (
				048DFDDF2C70F012000F5293 /* LoginViewModel.swift */,
				048DFE022C736670000F5293 /* MusictoryHomeViewModel.swift */,
				045833CB2C77264B000D6E81 /* AddSongViewModel.swift */,
			);
			path = ViewModel;
			sourceTree = "<group>";
		};
		048DFDE22C70F02F000F5293 /* Reusable */ = {
			isa = PBXGroup;
			children = (
				048DFDE32C70F04F000F5293 /* BaseViewModel.swift */,
				045833BC2C762F1A000D6E81 /* CustomButton.swift */,
				045833CD2C772A71000D6E81 /* CustomSongView.swift */,
			);
			path = Reusable;
			sourceTree = "<group>";
		};
		048DFDE52C71D1E5000F5293 /* Network */ = {
			isa = PBXGroup;
			children = (
				048DFDE82C71E1FA000F5293 /* LSLPRouter.swift */,
				048DFDE62C71D1F7000F5293 /* LSLPAPI.swift */,
			);
			path = Network;
			sourceTree = "<group>";
		};
		048DFDEA2C722A92000F5293 /* ResponseModel */ = {
			isa = PBXGroup;
			children = (
				048DFDEB2C722A9E000F5293 /* LoginModel.swift */,
				048DFE062C738BC5000F5293 /* RequsetPostModel.swift */,
				048DFDFA2C7363FE000F5293 /* PostModel.swift */,
				048DFDFC2C736411000F5293 /* UserModel.swift */,
				048DFDFE2C736423000F5293 /* CommentModel.swift */,
				045833B02C75A192000D6E81 /* RefreshModel.swift */,
			);
			path = ResponseModel;
			sourceTree = "<group>";
		};
		048DFDED2C722ACC000F5293 /* QueryModel */ = {
			isa = PBXGroup;
			children = (
				048DFDEE2C722AE3000F5293 /* LoginQuery.swift */,
				045833882C74AF14000D6E81 /* PostQuery.swift */,
			);
			path = QueryModel;
			sourceTree = "<group>";
		};
		04E4303E2C6CF68E007FA9C6 = {
			isa = PBXGroup;
			children = (
				04E4305E2C6CF8B9007FA9C6 /* .gitignore */,
				04E430492C6CF68E007FA9C6 /* Musictory */,
				04E430482C6CF68E007FA9C6 /* Products */,
			);
			sourceTree = "<group>";
		};
		04E430482C6CF68E007FA9C6 /* Products */ = {
			isa = PBXGroup;
			children = (
				04E430472C6CF68E007FA9C6 /* Musictory.app */,
			);
			name = Products;
			sourceTree = "<group>";
		};
		04E430492C6CF68E007FA9C6 /* Musictory */ = {
			isa = PBXGroup;
			children = (
				04E4304A2C6CF68E007FA9C6 /* AppDelegate.swift */,
				04E4304C2C6CF68E007FA9C6 /* SceneDelegate.swift */,
				048DFDE22C70F02F000F5293 /* Reusable */,
				045833B42C75C0C0000D6E81 /* Extension */,
				045833B72C75D042000D6E81 /* Model */,
				048DFDDD2C70E773000F5293 /* View */,
				048DFDDE2C70F008000F5293 /* ViewModel */,
				048DFDE52C71D1E5000F5293 /* Network */,
				04E430532C6CF68F007FA9C6 /* Assets.xcassets */,
				04E430552C6CF68F007FA9C6 /* LaunchScreen.storyboard */,
				04E430582C6CF68F007FA9C6 /* Info.plist */,
				048DFE042C738525000F5293 /* UserDefaultsManager.swift */,
				04E430622C6DCA4C007FA9C6 /* APIKey.swift */,
			);
			path = Musictory;
			sourceTree = "<group>";
		};
/* End PBXGroup section */

/* Begin PBXNativeTarget section */
		04E430462C6CF68E007FA9C6 /* Musictory */ = {
			isa = PBXNativeTarget;
			buildConfigurationList = 04E4305B2C6CF68F007FA9C6 /* Build configuration list for PBXNativeTarget "Musictory" */;
			buildPhases = (
				04E430432C6CF68E007FA9C6 /* Sources */,
				04E430442C6CF68E007FA9C6 /* Frameworks */,
				04E430452C6CF68E007FA9C6 /* Resources */,
			);
			buildRules = (
			);
			dependencies = (
			);
			name = Musictory;
			packageProductDependencies = (
				04E430652C6E18EC007FA9C6 /* SnapKit */,
				04E430692C6E1903007FA9C6 /* Kingfisher */,
				04E4306C2C6E1912007FA9C6 /* Toast */,
				04E4306F2C6E1A2A007FA9C6 /* IQKeyboardManagerSwift */,
				04E430722C6E2142007FA9C6 /* MusadoraKit */,
				048DFDD92C6F9C92000F5293 /* RxCocoa */,
				048DFDDB2C6F9C92000F5293 /* RxSwift */,
				045833902C74C145000D6E81 /* RxGesture */,
			);
			productName = Musictory;
			productReference = 04E430472C6CF68E007FA9C6 /* Musictory.app */;
			productType = "com.apple.product-type.application";
		};
/* End PBXNativeTarget section */

/* Begin PBXProject section */
		04E4303F2C6CF68E007FA9C6 /* Project object */ = {
			isa = PBXProject;
			attributes = {
				BuildIndependentTargetsInParallel = 1;
				LastSwiftUpdateCheck = 1540;
				LastUpgradeCheck = 1540;
				TargetAttributes = {
					04E430462C6CF68E007FA9C6 = {
						CreatedOnToolsVersion = 15.4;
					};
				};
			};
			buildConfigurationList = 04E430422C6CF68E007FA9C6 /* Build configuration list for PBXProject "Musictory" */;
			compatibilityVersion = "Xcode 14.0";
			developmentRegion = en;
			hasScannedForEncodings = 0;
			knownRegions = (
				en,
				Base,
			);
			mainGroup = 04E4303E2C6CF68E007FA9C6;
			packageReferences = (
				04E430642C6E18EC007FA9C6 /* XCRemoteSwiftPackageReference "SnapKit" */,
				04E430682C6E1903007FA9C6 /* XCRemoteSwiftPackageReference "Kingfisher" */,
				04E4306B2C6E1912007FA9C6 /* XCRemoteSwiftPackageReference "Toast-Swift" */,
				04E4306E2C6E1A2A007FA9C6 /* XCRemoteSwiftPackageReference "IQKeyboardManager" */,
				04E430712C6E2142007FA9C6 /* XCRemoteSwiftPackageReference "MusadoraKit" */,
				048DFDD82C6F9C92000F5293 /* XCRemoteSwiftPackageReference "RxSwift" */,
				0458338F2C74C145000D6E81 /* XCRemoteSwiftPackageReference "RxGesture" */,
			);
			productRefGroup = 04E430482C6CF68E007FA9C6 /* Products */;
			projectDirPath = "";
			projectRoot = "";
			targets = (
				04E430462C6CF68E007FA9C6 /* Musictory */,
			);
		};
/* End PBXProject section */

/* Begin PBXResourcesBuildPhase section */
		04E430452C6CF68E007FA9C6 /* Resources */ = {
			isa = PBXResourcesBuildPhase;
			buildActionMask = 2147483647;
			files = (
				04E4305F2C6CF8B9007FA9C6 /* .gitignore in Resources */,
				04E430542C6CF68F007FA9C6 /* Assets.xcassets in Resources */,
				04E430572C6CF68F007FA9C6 /* Base in Resources */,
			);
			runOnlyForDeploymentPostprocessing = 0;
		};
/* End PBXResourcesBuildPhase section */

/* Begin PBXSourcesBuildPhase section */
		04E430432C6CF68E007FA9C6 /* Sources */ = {
			isa = PBXSourcesBuildPhase;
			buildActionMask = 2147483647;
			files = (
				045833BD2C762F1A000D6E81 /* CustomButton.swift in Sources */,
				045833B12C75A192000D6E81 /* RefreshModel.swift in Sources */,
				048DFDEF2C722AE3000F5293 /* LoginQuery.swift in Sources */,
				045833BB2C7620F6000D6E81 /* DateFormatter+Extension.swift in Sources */,
				048DFDFB2C7363FE000F5293 /* PostModel.swift in Sources */,
				048DFE072C738BC5000F5293 /* RequsetPostModel.swift in Sources */,
				048DFDD72C6F9BC5000F5293 /* LogInViewController.swift in Sources */,
				045833D22C773B57000D6E81 /* AddPhotoViewController.swift in Sources */,
				0458338D2C74B00A000D6E81 /* UICollectionViewLayout+Extension.swift in Sources */,
				04E4304B2C6CF68E007FA9C6 /* AppDelegate.swift in Sources */,
				04E430632C6DCA4C007FA9C6 /* APIKey.swift in Sources */,
				048DFDFD2C736411000F5293 /* UserModel.swift in Sources */,
				045833C12C763CC9000D6E81 /* AddSongViewController.swift in Sources */,
				045833B92C75E536000D6E81 /* WriteMusictoryViewController.swift in Sources */,
				048DFE092C738E33000F5293 /* MusictoryHomeViewController.swift in Sources */,
				048DFE052C738525000F5293 /* UserDefaultsManager.swift in Sources */,
				048DFDE02C70F012000F5293 /* LoginViewModel.swift in Sources */,
				045833CE2C772A71000D6E81 /* CustomSongView.swift in Sources */,
				045833B62C75C0E7000D6E81 /* UIViewController+Extension.swift in Sources */,
				045833CC2C77264B000D6E81 /* AddSongViewModel.swift in Sources */,
				045833892C74AF14000D6E81 /* PostQuery.swift in Sources */,
				048DFDEC2C722A9E000F5293 /* LoginModel.swift in Sources */,
				04E4304D2C6CF68E007FA9C6 /* SceneDelegate.swift in Sources */,
				048DFE032C736670000F5293 /* MusictoryHomeViewModel.swift in Sources */,
				0458338B2C74AFE4000D6E81 /* PostCollectionViewCell.swift in Sources */,
				048DFDE72C71D1F7000F5293 /* LSLPAPI.swift in Sources */,
				048DFDFF2C736423000F5293 /* CommentModel.swift in Sources */,
				045833C32C763EB2000D6E81 /* SearchSongCollectionViewCell.swift in Sources */,
				048DFDE42C70F04F000F5293 /* BaseViewModel.swift in Sources */,
				048DFDE92C71E1FA000F5293 /* LSLPRouter.swift in Sources */,
			);
			runOnlyForDeploymentPostprocessing = 0;
		};
/* End PBXSourcesBuildPhase section */

/* Begin PBXVariantGroup section */
		04E430552C6CF68F007FA9C6 /* LaunchScreen.storyboard */ = {
			isa = PBXVariantGroup;
			children = (
				04E430562C6CF68F007FA9C6 /* Base */,
			);
			name = LaunchScreen.storyboard;
			sourceTree = "<group>";
		};
/* End PBXVariantGroup section */

/* Begin XCBuildConfiguration section */
		04E430592C6CF68F007FA9C6 /* Debug */ = {
			isa = XCBuildConfiguration;
			buildSettings = {
				ALWAYS_SEARCH_USER_PATHS = NO;
				ASSETCATALOG_COMPILER_GENERATE_SWIFT_ASSET_SYMBOL_EXTENSIONS = YES;
				CLANG_ANALYZER_NONNULL = YES;
				CLANG_ANALYZER_NUMBER_OBJECT_CONVERSION = YES_AGGRESSIVE;
				CLANG_CXX_LANGUAGE_STANDARD = "gnu++20";
				CLANG_ENABLE_MODULES = YES;
				CLANG_ENABLE_OBJC_ARC = YES;
				CLANG_ENABLE_OBJC_WEAK = YES;
				CLANG_WARN_BLOCK_CAPTURE_AUTORELEASING = YES;
				CLANG_WARN_BOOL_CONVERSION = YES;
				CLANG_WARN_COMMA = YES;
				CLANG_WARN_CONSTANT_CONVERSION = YES;
				CLANG_WARN_DEPRECATED_OBJC_IMPLEMENTATIONS = YES;
				CLANG_WARN_DIRECT_OBJC_ISA_USAGE = YES_ERROR;
				CLANG_WARN_DOCUMENTATION_COMMENTS = YES;
				CLANG_WARN_EMPTY_BODY = YES;
				CLANG_WARN_ENUM_CONVERSION = YES;
				CLANG_WARN_INFINITE_RECURSION = YES;
				CLANG_WARN_INT_CONVERSION = YES;
				CLANG_WARN_NON_LITERAL_NULL_CONVERSION = YES;
				CLANG_WARN_OBJC_IMPLICIT_RETAIN_SELF = YES;
				CLANG_WARN_OBJC_LITERAL_CONVERSION = YES;
				CLANG_WARN_OBJC_ROOT_CLASS = YES_ERROR;
				CLANG_WARN_QUOTED_INCLUDE_IN_FRAMEWORK_HEADER = YES;
				CLANG_WARN_RANGE_LOOP_ANALYSIS = YES;
				CLANG_WARN_STRICT_PROTOTYPES = YES;
				CLANG_WARN_SUSPICIOUS_MOVE = YES;
				CLANG_WARN_UNGUARDED_AVAILABILITY = YES_AGGRESSIVE;
				CLANG_WARN_UNREACHABLE_CODE = YES;
				CLANG_WARN__DUPLICATE_METHOD_MATCH = YES;
				COPY_PHASE_STRIP = NO;
				DEBUG_INFORMATION_FORMAT = dwarf;
				ENABLE_STRICT_OBJC_MSGSEND = YES;
				ENABLE_TESTABILITY = YES;
				ENABLE_USER_SCRIPT_SANDBOXING = YES;
				GCC_C_LANGUAGE_STANDARD = gnu17;
				GCC_DYNAMIC_NO_PIC = NO;
				GCC_NO_COMMON_BLOCKS = YES;
				GCC_OPTIMIZATION_LEVEL = 0;
				GCC_PREPROCESSOR_DEFINITIONS = (
					"DEBUG=1",
					"$(inherited)",
				);
				GCC_WARN_64_TO_32_BIT_CONVERSION = YES;
				GCC_WARN_ABOUT_RETURN_TYPE = YES_ERROR;
				GCC_WARN_UNDECLARED_SELECTOR = YES;
				GCC_WARN_UNINITIALIZED_AUTOS = YES_AGGRESSIVE;
				GCC_WARN_UNUSED_FUNCTION = YES;
				GCC_WARN_UNUSED_VARIABLE = YES;
				IPHONEOS_DEPLOYMENT_TARGET = 17.5;
				LOCALIZATION_PREFERS_STRING_CATALOGS = YES;
				MTL_ENABLE_DEBUG_INFO = INCLUDE_SOURCE;
				MTL_FAST_MATH = YES;
				ONLY_ACTIVE_ARCH = YES;
				SDKROOT = iphoneos;
				SWIFT_ACTIVE_COMPILATION_CONDITIONS = "DEBUG $(inherited)";
				SWIFT_OPTIMIZATION_LEVEL = "-Onone";
			};
			name = Debug;
		};
		04E4305A2C6CF68F007FA9C6 /* Release */ = {
			isa = XCBuildConfiguration;
			buildSettings = {
				ALWAYS_SEARCH_USER_PATHS = NO;
				ASSETCATALOG_COMPILER_GENERATE_SWIFT_ASSET_SYMBOL_EXTENSIONS = YES;
				CLANG_ANALYZER_NONNULL = YES;
				CLANG_ANALYZER_NUMBER_OBJECT_CONVERSION = YES_AGGRESSIVE;
				CLANG_CXX_LANGUAGE_STANDARD = "gnu++20";
				CLANG_ENABLE_MODULES = YES;
				CLANG_ENABLE_OBJC_ARC = YES;
				CLANG_ENABLE_OBJC_WEAK = YES;
				CLANG_WARN_BLOCK_CAPTURE_AUTORELEASING = YES;
				CLANG_WARN_BOOL_CONVERSION = YES;
				CLANG_WARN_COMMA = YES;
				CLANG_WARN_CONSTANT_CONVERSION = YES;
				CLANG_WARN_DEPRECATED_OBJC_IMPLEMENTATIONS = YES;
				CLANG_WARN_DIRECT_OBJC_ISA_USAGE = YES_ERROR;
				CLANG_WARN_DOCUMENTATION_COMMENTS = YES;
				CLANG_WARN_EMPTY_BODY = YES;
				CLANG_WARN_ENUM_CONVERSION = YES;
				CLANG_WARN_INFINITE_RECURSION = YES;
				CLANG_WARN_INT_CONVERSION = YES;
				CLANG_WARN_NON_LITERAL_NULL_CONVERSION = YES;
				CLANG_WARN_OBJC_IMPLICIT_RETAIN_SELF = YES;
				CLANG_WARN_OBJC_LITERAL_CONVERSION = YES;
				CLANG_WARN_OBJC_ROOT_CLASS = YES_ERROR;
				CLANG_WARN_QUOTED_INCLUDE_IN_FRAMEWORK_HEADER = YES;
				CLANG_WARN_RANGE_LOOP_ANALYSIS = YES;
				CLANG_WARN_STRICT_PROTOTYPES = YES;
				CLANG_WARN_SUSPICIOUS_MOVE = YES;
				CLANG_WARN_UNGUARDED_AVAILABILITY = YES_AGGRESSIVE;
				CLANG_WARN_UNREACHABLE_CODE = YES;
				CLANG_WARN__DUPLICATE_METHOD_MATCH = YES;
				COPY_PHASE_STRIP = NO;
				DEBUG_INFORMATION_FORMAT = "dwarf-with-dsym";
				ENABLE_NS_ASSERTIONS = NO;
				ENABLE_STRICT_OBJC_MSGSEND = YES;
				ENABLE_USER_SCRIPT_SANDBOXING = YES;
				GCC_C_LANGUAGE_STANDARD = gnu17;
				GCC_NO_COMMON_BLOCKS = YES;
				GCC_WARN_64_TO_32_BIT_CONVERSION = YES;
				GCC_WARN_ABOUT_RETURN_TYPE = YES_ERROR;
				GCC_WARN_UNDECLARED_SELECTOR = YES;
				GCC_WARN_UNINITIALIZED_AUTOS = YES_AGGRESSIVE;
				GCC_WARN_UNUSED_FUNCTION = YES;
				GCC_WARN_UNUSED_VARIABLE = YES;
				IPHONEOS_DEPLOYMENT_TARGET = 17.5;
				LOCALIZATION_PREFERS_STRING_CATALOGS = YES;
				MTL_ENABLE_DEBUG_INFO = NO;
				MTL_FAST_MATH = YES;
				SDKROOT = iphoneos;
				SWIFT_COMPILATION_MODE = wholemodule;
				VALIDATE_PRODUCT = YES;
			};
			name = Release;
		};
		04E4305C2C6CF68F007FA9C6 /* Debug */ = {
			isa = XCBuildConfiguration;
			buildSettings = {
				ASSETCATALOG_COMPILER_APPICON_NAME = AppIcon;
				ASSETCATALOG_COMPILER_GLOBAL_ACCENT_COLOR_NAME = AccentColor;
				CODE_SIGN_STYLE = Automatic;
				CURRENT_PROJECT_VERSION = 1;
				DEVELOPMENT_TEAM = K7C455FTM9;
				GENERATE_INFOPLIST_FILE = YES;
				INFOPLIST_FILE = Musictory/Info.plist;
				INFOPLIST_KEY_UIApplicationSupportsIndirectInputEvents = YES;
				INFOPLIST_KEY_UILaunchStoryboardName = LaunchScreen;
				INFOPLIST_KEY_UISupportedInterfaceOrientations = UIInterfaceOrientationPortrait;
				INFOPLIST_KEY_UISupportedInterfaceOrientations_iPad = UIInterfaceOrientationPortrait;
				IPHONEOS_DEPLOYMENT_TARGET = 15.0;
				LD_RUNPATH_SEARCH_PATHS = (
					"$(inherited)",
					"@executable_path/Frameworks",
				);
				MARKETING_VERSION = 1.0;
				PRODUCT_BUNDLE_IDENTIFIER = com.harvey.Musictory;
				PRODUCT_NAME = "$(TARGET_NAME)";
				SUPPORTED_PLATFORMS = "iphoneos iphonesimulator";
				SUPPORTS_MACCATALYST = NO;
				SUPPORTS_MAC_DESIGNED_FOR_IPHONE_IPAD = NO;
				SUPPORTS_XR_DESIGNED_FOR_IPHONE_IPAD = NO;
				SWIFT_EMIT_LOC_STRINGS = YES;
				SWIFT_VERSION = 5.0;
				TARGETED_DEVICE_FAMILY = 1;
			};
			name = Debug;
		};
		04E4305D2C6CF68F007FA9C6 /* Release */ = {
			isa = XCBuildConfiguration;
			buildSettings = {
				ASSETCATALOG_COMPILER_APPICON_NAME = AppIcon;
				ASSETCATALOG_COMPILER_GLOBAL_ACCENT_COLOR_NAME = AccentColor;
				CODE_SIGN_STYLE = Automatic;
				CURRENT_PROJECT_VERSION = 1;
				DEVELOPMENT_TEAM = K7C455FTM9;
				GENERATE_INFOPLIST_FILE = YES;
				INFOPLIST_FILE = Musictory/Info.plist;
				INFOPLIST_KEY_UIApplicationSupportsIndirectInputEvents = YES;
				INFOPLIST_KEY_UILaunchStoryboardName = LaunchScreen;
				INFOPLIST_KEY_UISupportedInterfaceOrientations = UIInterfaceOrientationPortrait;
				INFOPLIST_KEY_UISupportedInterfaceOrientations_iPad = UIInterfaceOrientationPortrait;
				IPHONEOS_DEPLOYMENT_TARGET = 15.0;
				LD_RUNPATH_SEARCH_PATHS = (
					"$(inherited)",
					"@executable_path/Frameworks",
				);
				MARKETING_VERSION = 1.0;
				PRODUCT_BUNDLE_IDENTIFIER = com.harvey.Musictory;
				PRODUCT_NAME = "$(TARGET_NAME)";
				SUPPORTED_PLATFORMS = "iphoneos iphonesimulator";
				SUPPORTS_MACCATALYST = NO;
				SUPPORTS_MAC_DESIGNED_FOR_IPHONE_IPAD = NO;
				SUPPORTS_XR_DESIGNED_FOR_IPHONE_IPAD = NO;
				SWIFT_EMIT_LOC_STRINGS = YES;
				SWIFT_VERSION = 5.0;
				TARGETED_DEVICE_FAMILY = 1;
			};
			name = Release;
		};
/* End XCBuildConfiguration section */

/* Begin XCConfigurationList section */
		04E430422C6CF68E007FA9C6 /* Build configuration list for PBXProject "Musictory" */ = {
			isa = XCConfigurationList;
			buildConfigurations = (
				04E430592C6CF68F007FA9C6 /* Debug */,
				04E4305A2C6CF68F007FA9C6 /* Release */,
			);
			defaultConfigurationIsVisible = 0;
			defaultConfigurationName = Release;
		};
		04E4305B2C6CF68F007FA9C6 /* Build configuration list for PBXNativeTarget "Musictory" */ = {
			isa = XCConfigurationList;
			buildConfigurations = (
				04E4305C2C6CF68F007FA9C6 /* Debug */,
				04E4305D2C6CF68F007FA9C6 /* Release */,
			);
			defaultConfigurationIsVisible = 0;
			defaultConfigurationName = Release;
		};
/* End XCConfigurationList section */

/* Begin XCRemoteSwiftPackageReference section */
		0458338F2C74C145000D6E81 /* XCRemoteSwiftPackageReference "RxGesture" */ = {
			isa = XCRemoteSwiftPackageReference;
			repositoryURL = "https://github.com/RxSwiftCommunity/RxGesture.git";
			requirement = {
				kind = upToNextMajorVersion;
				minimumVersion = 4.0.4;
			};
		};
		048DFDD82C6F9C92000F5293 /* XCRemoteSwiftPackageReference "RxSwift" */ = {
			isa = XCRemoteSwiftPackageReference;
			repositoryURL = "https://github.com/ReactiveX/RxSwift.git";
			requirement = {
				kind = upToNextMajorVersion;
				minimumVersion = 6.7.1;
			};
		};
		04E430642C6E18EC007FA9C6 /* XCRemoteSwiftPackageReference "SnapKit" */ = {
			isa = XCRemoteSwiftPackageReference;
			repositoryURL = "https://github.com/SnapKit/SnapKit.git";
			requirement = {
				kind = upToNextMajorVersion;
				minimumVersion = 5.7.1;
			};
		};
		04E430682C6E1903007FA9C6 /* XCRemoteSwiftPackageReference "Kingfisher" */ = {
			isa = XCRemoteSwiftPackageReference;
			repositoryURL = "https://github.com/onevcat/Kingfisher.git";
			requirement = {
				kind = upToNextMajorVersion;
				minimumVersion = 7.12.0;
			};
		};
		04E4306B2C6E1912007FA9C6 /* XCRemoteSwiftPackageReference "Toast-Swift" */ = {
			isa = XCRemoteSwiftPackageReference;
			repositoryURL = "https://github.com/scalessec/Toast-Swift.git";
			requirement = {
				kind = upToNextMajorVersion;
				minimumVersion = 5.1.1;
			};
		};
		04E4306E2C6E1A2A007FA9C6 /* XCRemoteSwiftPackageReference "IQKeyboardManager" */ = {
			isa = XCRemoteSwiftPackageReference;
			repositoryURL = "https://github.com/hackiftekhar/IQKeyboardManager.git";
			requirement = {
				kind = upToNextMajorVersion;
				minimumVersion = 7.1.1;
			};
		};
		04E430712C6E2142007FA9C6 /* XCRemoteSwiftPackageReference "MusadoraKit" */ = {
			isa = XCRemoteSwiftPackageReference;
			repositoryURL = "https://github.com/rryam/MusadoraKit.git";
			requirement = {
				kind = exactVersion;
				version = 4.5.1;
			};
		};
/* End XCRemoteSwiftPackageReference section */

/* Begin XCSwiftPackageProductDependency section */
		045833902C74C145000D6E81 /* RxGesture */ = {
			isa = XCSwiftPackageProductDependency;
			package = 0458338F2C74C145000D6E81 /* XCRemoteSwiftPackageReference "RxGesture" */;
			productName = RxGesture;
		};
		048DFDD92C6F9C92000F5293 /* RxCocoa */ = {
			isa = XCSwiftPackageProductDependency;
			package = 048DFDD82C6F9C92000F5293 /* XCRemoteSwiftPackageReference "RxSwift" */;
			productName = RxCocoa;
		};
		048DFDDB2C6F9C92000F5293 /* RxSwift */ = {
			isa = XCSwiftPackageProductDependency;
			package = 048DFDD82C6F9C92000F5293 /* XCRemoteSwiftPackageReference "RxSwift" */;
			productName = RxSwift;
		};
		04E430652C6E18EC007FA9C6 /* SnapKit */ = {
			isa = XCSwiftPackageProductDependency;
			package = 04E430642C6E18EC007FA9C6 /* XCRemoteSwiftPackageReference "SnapKit" */;
			productName = SnapKit;
		};
		04E430692C6E1903007FA9C6 /* Kingfisher */ = {
			isa = XCSwiftPackageProductDependency;
			package = 04E430682C6E1903007FA9C6 /* XCRemoteSwiftPackageReference "Kingfisher" */;
			productName = Kingfisher;
		};
		04E4306C2C6E1912007FA9C6 /* Toast */ = {
			isa = XCSwiftPackageProductDependency;
			package = 04E4306B2C6E1912007FA9C6 /* XCRemoteSwiftPackageReference "Toast-Swift" */;
			productName = Toast;
		};
		04E4306F2C6E1A2A007FA9C6 /* IQKeyboardManagerSwift */ = {
			isa = XCSwiftPackageProductDependency;
			package = 04E4306E2C6E1A2A007FA9C6 /* XCRemoteSwiftPackageReference "IQKeyboardManager" */;
			productName = IQKeyboardManagerSwift;
		};
		04E430722C6E2142007FA9C6 /* MusadoraKit */ = {
			isa = XCSwiftPackageProductDependency;
			package = 04E430712C6E2142007FA9C6 /* XCRemoteSwiftPackageReference "MusadoraKit" */;
			productName = MusadoraKit;
		};
/* End XCSwiftPackageProductDependency section */
	};
	rootObject = 04E4303F2C6CF68E007FA9C6 /* Project object */;
}
